
Microsoft Visual Studio Solution File, Format Version 12.00
# Visual Studio Version 17
VisualStudioVersion = 17.8.34525.116
MinimumVisualStudioVersion = 10.0.40219.1
Project("{9A19103F-16F7-4668-BE54-9A1E7A4F7556}") = "APIActividadesITESRC", "APIActividadesITESRC\APIActividadesITESRC.csproj", "{20D21866-EC7A-4C77-B8F2-3C0FD95A341D}"
EndProject
Global
	GlobalSection(SolutionConfigurationPlatforms) = preSolution
		Debug|Any CPU = Debug|Any CPU
		Release|Any CPU = Release|Any CPU
	EndGlobalSection
	GlobalSection(ProjectConfigurationPlatforms) = postSolution
		{20D21866-EC7A-4C77-B8F2-3C0FD95A341D}.Debug|Any CPU.ActiveCfg = Debug|Any CPU
		{20D21866-EC7A-4C77-B8F2-3C0FD95A341D}.Debug|Any CPU.Build.0 = Debug|Any CPU
		{20D21866-EC7A-4C77-B8F2-3C0FD95A341D}.Release|Any CPU.ActiveCfg = Release|Any CPU
		{20D21866-EC7A-4C77-B8F2-3C0FD95A341D}.Release|Any CPU.Build.0 = Release|Any CPU
	EndGlobalSection
	GlobalSection(SolutionProperties) = preSolution
		HideSolutionNode = FALSE
	EndGlobalSection
	GlobalSection(ExtensibilityGlobals) = postSolution
		SolutionGuid = {1005DB51-164D-4303-993C-CA4DD8A7DFFD}
	EndGlobalSection
EndGlobal
