
Microsoft Visual Studio Solution File, Format Version 12.00
# Visual Studio Version 17
VisualStudioVersion = 17.8.34525.116
MinimumVisualStudioVersion = 10.0.40219.1
Project("{FAE04EC0-301F-11D3-BF4B-00C04F79EFBC}") = "MAUIActividadesITESRC", "APIActividadesMAUI\MAUIActividadesITESRC.csproj", "{14E5C28B-642A-40AD-B4EC-5B2D3BAFE654}"
EndProject
Project("{FAE04EC0-301F-11D3-BF4B-00C04F79EFBC}") = "APIActividadesITESRC", "APIActividadesITESRC\APIActividadesITESRC.csproj", "{20D21866-EC7A-4C77-B8F2-3C0FD95A341D}"
EndProject
Global
	GlobalSection(SolutionConfigurationPlatforms) = preSolution
		Debug|Any CPU = Debug|Any CPU
		Release|Any CPU = Release|Any CPU
	EndGlobalSection
	GlobalSection(ProjectConfigurationPlatforms) = postSolution
		{14E5C28B-642A-40AD-B4EC-5B2D3BAFE654}.Debug|Any CPU.ActiveCfg = Debug|Any CPU
		{14E5C28B-642A-40AD-B4EC-5B2D3BAFE654}.Debug|Any CPU.Build.0 = Debug|Any CPU
		{14E5C28B-642A-40AD-B4EC-5B2D3BAFE654}.Debug|Any CPU.Deploy.0 = Debug|Any CPU
		{14E5C28B-642A-40AD-B4EC-5B2D3BAFE654}.Release|Any CPU.ActiveCfg = Release|Any CPU
		{14E5C28B-642A-40AD-B4EC-5B2D3BAFE654}.Release|Any CPU.Build.0 = Release|Any CPU
		{14E5C28B-642A-40AD-B4EC-5B2D3BAFE654}.Release|Any CPU.Deploy.0 = Release|Any CPU
		{20D21866-EC7A-4C77-B8F2-3C0FD95A341D}.Debug|Any CPU.ActiveCfg = Debug|Any CPU
		{20D21866-EC7A-4C77-B8F2-3C0FD95A341D}.Debug|Any CPU.Build.0 = Debug|Any CPU
		{20D21866-EC7A-4C77-B8F2-3C0FD95A341D}.Release|Any CPU.ActiveCfg = Release|Any CPU
		{20D21866-EC7A-4C77-B8F2-3C0FD95A341D}.Release|Any CPU.Build.0 = Release|Any CPU
	EndGlobalSection
	GlobalSection(SolutionProperties) = preSolution
		HideSolutionNode = FALSE
	EndGlobalSection
	GlobalSection(ExtensibilityGlobals) = postSolution
		SolutionGuid = {1005DB51-164D-4303-993C-CA4DD8A7DFFD}
	EndGlobalSection
EndGlobal
